// !$*UTF8*$!
{
	archiveVersion = 1;
	classes = {
	};
	objectVersion = 50;
	objects = {

/* Begin PBXBuildFile section */
		803C812EDD13AF265F3398E8 /* Pods_RNDM.framework in Frameworks */ = {isa = PBXBuildFile; fileRef = 73728F8CAD581527B053A383 /* Pods_RNDM.framework */; };
		A5026A20215092EE004C07BD /* AppDelegate.swift in Sources */ = {isa = PBXBuildFile; fileRef = A5026A1F215092EE004C07BD /* AppDelegate.swift */; };
		A5026A22215092EE004C07BD /* MainVC.swift in Sources */ = {isa = PBXBuildFile; fileRef = A5026A21215092EE004C07BD /* MainVC.swift */; };
		A5026A25215092EE004C07BD /* Main.storyboard in Resources */ = {isa = PBXBuildFile; fileRef = A5026A23215092EE004C07BD /* Main.storyboard */; };
		A5026A27215092EF004C07BD /* Assets.xcassets in Resources */ = {isa = PBXBuildFile; fileRef = A5026A26215092EF004C07BD /* Assets.xcassets */; };
		A5026A2A215092EF004C07BD /* LaunchScreen.storyboard in Resources */ = {isa = PBXBuildFile; fileRef = A5026A28215092EF004C07BD /* LaunchScreen.storyboard */; };
		A5026A322150943F004C07BD /* GoogleService-Info.plist in Resources */ = {isa = PBXBuildFile; fileRef = A5026A312150943F004C07BD /* GoogleService-Info.plist */; };
		A508E4D12157F9B600BAB894 /* LoginVC.swift in Sources */ = {isa = PBXBuildFile; fileRef = A508E4D02157F9B600BAB894 /* LoginVC.swift */; };
		A508E4D32157FBA800BAB894 /* CreateUserVC.swift in Sources */ = {isa = PBXBuildFile; fileRef = A508E4D22157FBA800BAB894 /* CreateUserVC.swift */; };
		A556900621509DD000922BEB /* AddThoughtVC.swift in Sources */ = {isa = PBXBuildFile; fileRef = A556900521509DD000922BEB /* AddThoughtVC.swift */; };
		A583690D2151E8A80082ADB7 /* Constants.swift in Sources */ = {isa = PBXBuildFile; fileRef = A583690C2151E8A80082ADB7 /* Constants.swift */; };
		A5EA383221541B4F0072EF03 /* Thought.swift in Sources */ = {isa = PBXBuildFile; fileRef = A5EA383121541B4F0072EF03 /* Thought.swift */; };
		A5EA383421541C9D0072EF03 /* thoughtCell.swift in Sources */ = {isa = PBXBuildFile; fileRef = A5EA383321541C9D0072EF03 /* thoughtCell.swift */; };
		A5EB5011215812C8002C9E53 /* CommentsVC.swift in Sources */ = {isa = PBXBuildFile; fileRef = A5EB5010215812C8002C9E53 /* CommentsVC.swift */; };
		A5EB50132158166F002C9E53 /* CommentCell.swift in Sources */ = {isa = PBXBuildFile; fileRef = A5EB50122158166F002C9E53 /* CommentCell.swift */; };
		A5EB5015215817CC002C9E53 /* Comment.swift in Sources */ = {isa = PBXBuildFile; fileRef = A5EB5014215817CC002C9E53 /* Comment.swift */; };
		A5EB5017215833E2002C9E53 /* KeyboardBoundView.swift in Sources */ = {isa = PBXBuildFile; fileRef = A5EB5016215833E2002C9E53 /* KeyboardBoundView.swift */; };
/* End PBXBuildFile section */

/* Begin PBXFileReference section */
		2F24E69DE7DE6E50EC2D6836 /* Pods-RNDM.release.xcconfig */ = {isa = PBXFileReference; includeInIndex = 1; lastKnownFileType = text.xcconfig; name = "Pods-RNDM.release.xcconfig"; path = "Pods/Target Support Files/Pods-RNDM/Pods-RNDM.release.xcconfig"; sourceTree = "<group>"; };
		609BBBE109F4E0482F2241A2 /* Pods-RNDM.debug.xcconfig */ = {isa = PBXFileReference; includeInIndex = 1; lastKnownFileType = text.xcconfig; name = "Pods-RNDM.debug.xcconfig"; path = "Pods/Target Support Files/Pods-RNDM/Pods-RNDM.debug.xcconfig"; sourceTree = "<group>"; };
		73728F8CAD581527B053A383 /* Pods_RNDM.framework */ = {isa = PBXFileReference; explicitFileType = wrapper.framework; includeInIndex = 0; path = Pods_RNDM.framework; sourceTree = BUILT_PRODUCTS_DIR; };
		A5026A1C215092EE004C07BD /* RNDM.app */ = {isa = PBXFileReference; explicitFileType = wrapper.application; includeInIndex = 0; path = RNDM.app; sourceTree = BUILT_PRODUCTS_DIR; };
		A5026A1F215092EE004C07BD /* AppDelegate.swift */ = {isa = PBXFileReference; lastKnownFileType = sourcecode.swift; path = AppDelegate.swift; sourceTree = "<group>"; };
		A5026A21215092EE004C07BD /* MainVC.swift */ = {isa = PBXFileReference; lastKnownFileType = sourcecode.swift; path = MainVC.swift; sourceTree = "<group>"; };
		A5026A24215092EE004C07BD /* Base */ = {isa = PBXFileReference; lastKnownFileType = file.storyboard; name = Base; path = Base.lproj/Main.storyboard; sourceTree = "<group>"; };
		A5026A26215092EF004C07BD /* Assets.xcassets */ = {isa = PBXFileReference; lastKnownFileType = folder.assetcatalog; path = Assets.xcassets; sourceTree = "<group>"; };
		A5026A29215092EF004C07BD /* Base */ = {isa = PBXFileReference; lastKnownFileType = file.storyboard; name = Base; path = Base.lproj/LaunchScreen.storyboard; sourceTree = "<group>"; };
		A5026A2B215092EF004C07BD /* Info.plist */ = {isa = PBXFileReference; lastKnownFileType = text.plist.xml; path = Info.plist; sourceTree = "<group>"; };
		A5026A312150943F004C07BD /* GoogleService-Info.plist */ = {isa = PBXFileReference; fileEncoding = 4; lastKnownFileType = text.plist.xml; path = "GoogleService-Info.plist"; sourceTree = "<group>"; };
		A508E4D02157F9B600BAB894 /* LoginVC.swift */ = {isa = PBXFileReference; lastKnownFileType = sourcecode.swift; path = LoginVC.swift; sourceTree = "<group>"; };
		A508E4D22157FBA800BAB894 /* CreateUserVC.swift */ = {isa = PBXFileReference; lastKnownFileType = sourcecode.swift; path = CreateUserVC.swift; sourceTree = "<group>"; };
		A556900521509DD000922BEB /* AddThoughtVC.swift */ = {isa = PBXFileReference; lastKnownFileType = sourcecode.swift; path = AddThoughtVC.swift; sourceTree = "<group>"; };
		A583690C2151E8A80082ADB7 /* Constants.swift */ = {isa = PBXFileReference; lastKnownFileType = sourcecode.swift; path = Constants.swift; sourceTree = "<group>"; };
		A5EA383121541B4F0072EF03 /* Thought.swift */ = {isa = PBXFileReference; lastKnownFileType = sourcecode.swift; path = Thought.swift; sourceTree = "<group>"; };
		A5EA383321541C9D0072EF03 /* thoughtCell.swift */ = {isa = PBXFileReference; lastKnownFileType = sourcecode.swift; path = thoughtCell.swift; sourceTree = "<group>"; };
		A5EB5010215812C8002C9E53 /* CommentsVC.swift */ = {isa = PBXFileReference; lastKnownFileType = sourcecode.swift; path = CommentsVC.swift; sourceTree = "<group>"; };
		A5EB50122158166F002C9E53 /* CommentCell.swift */ = {isa = PBXFileReference; lastKnownFileType = sourcecode.swift; path = CommentCell.swift; sourceTree = "<group>"; };
		A5EB5014215817CC002C9E53 /* Comment.swift */ = {isa = PBXFileReference; lastKnownFileType = sourcecode.swift; path = Comment.swift; sourceTree = "<group>"; };
		A5EB5016215833E2002C9E53 /* KeyboardBoundView.swift */ = {isa = PBXFileReference; fileEncoding = 4; lastKnownFileType = sourcecode.swift; path = KeyboardBoundView.swift; sourceTree = "<group>"; };
/* End PBXFileReference section */

/* Begin PBXFrameworksBuildPhase section */
		A5026A19215092EE004C07BD /* Frameworks */ = {
			isa = PBXFrameworksBuildPhase;
			buildActionMask = 2147483647;
			files = (
				803C812EDD13AF265F3398E8 /* Pods_RNDM.framework in Frameworks */,
			);
			runOnlyForDeploymentPostprocessing = 0;
		};
/* End PBXFrameworksBuildPhase section */

/* Begin PBXGroup section */
		6DA581796163534C8A379C54 /* Frameworks */ = {
			isa = PBXGroup;
			children = (
				73728F8CAD581527B053A383 /* Pods_RNDM.framework */,
			);
			name = Frameworks;
			sourceTree = "<group>";
		};
		918CA82A0C0CFBD780D2634B /* Pods */ = {
			isa = PBXGroup;
			children = (
				609BBBE109F4E0482F2241A2 /* Pods-RNDM.debug.xcconfig */,
				2F24E69DE7DE6E50EC2D6836 /* Pods-RNDM.release.xcconfig */,
			);
			name = Pods;
			sourceTree = "<group>";
		};
		A5026A13215092EE004C07BD = {
			isa = PBXGroup;
			children = (
				A5026A1E215092EE004C07BD /* RNDM */,
				A5026A1D215092EE004C07BD /* Products */,
				918CA82A0C0CFBD780D2634B /* Pods */,
				6DA581796163534C8A379C54 /* Frameworks */,
			);
			sourceTree = "<group>";
		};
		A5026A1D215092EE004C07BD /* Products */ = {
			isa = PBXGroup;
			children = (
				A5026A1C215092EE004C07BD /* RNDM.app */,
			);
			name = Products;
			sourceTree = "<group>";
		};
		A5026A1E215092EE004C07BD /* RNDM */ = {
			isa = PBXGroup;
			children = (
				A583690B2151E8960082ADB7 /* Utilities */,
				A556900921509DF500922BEB /* Model */,
				A556900821509DF000922BEB /* View */,
				A556900721509DE100922BEB /* Controller */,
				A5026A1F215092EE004C07BD /* AppDelegate.swift */,
				A5026A23215092EE004C07BD /* Main.storyboard */,
				A5026A26215092EF004C07BD /* Assets.xcassets */,
				A5026A28215092EF004C07BD /* LaunchScreen.storyboard */,
				A5026A2B215092EF004C07BD /* Info.plist */,
				A5026A312150943F004C07BD /* GoogleService-Info.plist */,
			);
			path = RNDM;
			sourceTree = "<group>";
		};
		A556900721509DE100922BEB /* Controller */ = {
			isa = PBXGroup;
			children = (
				A5026A21215092EE004C07BD /* MainVC.swift */,
				A556900521509DD000922BEB /* AddThoughtVC.swift */,
				A508E4D02157F9B600BAB894 /* LoginVC.swift */,
				A508E4D22157FBA800BAB894 /* CreateUserVC.swift */,
				A5EB5010215812C8002C9E53 /* CommentsVC.swift */,
			);
			path = Controller;
			sourceTree = "<group>";
		};
		A556900821509DF000922BEB /* View */ = {
			isa = PBXGroup;
			children = (
				A5EA383321541C9D0072EF03 /* thoughtCell.swift */,
				A5EB50122158166F002C9E53 /* CommentCell.swift */,
			);
			path = View;
			sourceTree = "<group>";
		};
		A556900921509DF500922BEB /* Model */ = {
			isa = PBXGroup;
			children = (
				A5EA383121541B4F0072EF03 /* Thought.swift */,
				A5EB5014215817CC002C9E53 /* Comment.swift */,
			);
			path = Model;
			sourceTree = "<group>";
		};
		A583690B2151E8960082ADB7 /* Utilities */ = {
			isa = PBXGroup;
			children = (
				A583690C2151E8A80082ADB7 /* Constants.swift */,
				A5EB5016215833E2002C9E53 /* KeyboardBoundView.swift */,
			);
			path = Utilities;
			sourceTree = "<group>";
		};
/* End PBXGroup section */

/* Begin PBXNativeTarget section */
		A5026A1B215092EE004C07BD /* RNDM */ = {
			isa = PBXNativeTarget;
			buildConfigurationList = A5026A2E215092EF004C07BD /* Build configuration list for PBXNativeTarget "RNDM" */;
			buildPhases = (
				1E1096C383C49FB00825D6AC /* [CP] Check Pods Manifest.lock */,
				A5026A18215092EE004C07BD /* Sources */,
				A5026A19215092EE004C07BD /* Frameworks */,
				A5026A1A215092EE004C07BD /* Resources */,
				42B5E3AF466B0A194963772E /* [CP] Embed Pods Frameworks */,
			);
			buildRules = (
			);
			dependencies = (
			);
			name = RNDM;
			productName = RNDM;
			productReference = A5026A1C215092EE004C07BD /* RNDM.app */;
			productType = "com.apple.product-type.application";
		};
/* End PBXNativeTarget section */

/* Begin PBXProject section */
		A5026A14215092EE004C07BD /* Project object */ = {
			isa = PBXProject;
			attributes = {
				LastSwiftUpdateCheck = 0940;
				LastUpgradeCheck = 0940;
				ORGANIZATIONNAME = "Developed by Gjoraas";
				TargetAttributes = {
					A5026A1B215092EE004C07BD = {
						CreatedOnToolsVersion = 9.4.1;
					};
				};
			};
			buildConfigurationList = A5026A17215092EE004C07BD /* Build configuration list for PBXProject "RNDM" */;
			compatibilityVersion = "Xcode 9.3";
			developmentRegion = en;
			hasScannedForEncodings = 0;
			knownRegions = (
				en,
				Base,
			);
			mainGroup = A5026A13215092EE004C07BD;
			productRefGroup = A5026A1D215092EE004C07BD /* Products */;
			projectDirPath = "";
			projectRoot = "";
			targets = (
				A5026A1B215092EE004C07BD /* RNDM */,
			);
		};
/* End PBXProject section */

/* Begin PBXResourcesBuildPhase section */
		A5026A1A215092EE004C07BD /* Resources */ = {
			isa = PBXResourcesBuildPhase;
			buildActionMask = 2147483647;
			files = (
				A5026A2A215092EF004C07BD /* LaunchScreen.storyboard in Resources */,
				A5026A27215092EF004C07BD /* Assets.xcassets in Resources */,
				A5026A25215092EE004C07BD /* Main.storyboard in Resources */,
				A5026A322150943F004C07BD /* GoogleService-Info.plist in Resources */,
			);
			runOnlyForDeploymentPostprocessing = 0;
		};
/* End PBXResourcesBuildPhase section */

/* Begin PBXShellScriptBuildPhase section */
		1E1096C383C49FB00825D6AC /* [CP] Check Pods Manifest.lock */ = {
			isa = PBXShellScriptBuildPhase;
			buildActionMask = 2147483647;
			files = (
			);
			inputPaths = (
				"${PODS_PODFILE_DIR_PATH}/Podfile.lock",
				"${PODS_ROOT}/Manifest.lock",
			);
			name = "[CP] Check Pods Manifest.lock";
			outputPaths = (
				"$(DERIVED_FILE_DIR)/Pods-RNDM-checkManifestLockResult.txt",
			);
			runOnlyForDeploymentPostprocessing = 0;
			shellPath = /bin/sh;
			shellScript = "diff \"${PODS_PODFILE_DIR_PATH}/Podfile.lock\" \"${PODS_ROOT}/Manifest.lock\" > /dev/null\nif [ $? != 0 ] ; then\n    # print error to STDERR\n    echo \"error: The sandbox is not in sync with the Podfile.lock. Run 'pod install' or update your CocoaPods installation.\" >&2\n    exit 1\nfi\n# This output is used by Xcode 'outputs' to avoid re-running this script phase.\necho \"SUCCESS\" > \"${SCRIPT_OUTPUT_FILE_0}\"\n";
			showEnvVarsInLog = 0;
		};
		42B5E3AF466B0A194963772E /* [CP] Embed Pods Frameworks */ = {
			isa = PBXShellScriptBuildPhase;
			buildActionMask = 2147483647;
			files = (
			);
			inputPaths = (
				"${SRCROOT}/Pods/Target Support Files/Pods-RNDM/Pods-RNDM-frameworks.sh",
				"${BUILT_PRODUCTS_DIR}/BoringSSL/openssl.framework",
				"${BUILT_PRODUCTS_DIR}/GTMSessionFetcher/GTMSessionFetcher.framework",
				"${BUILT_PRODUCTS_DIR}/GoogleToolboxForMac/GoogleToolboxForMac.framework",
				"${BUILT_PRODUCTS_DIR}/Protobuf/Protobuf.framework",
				"${BUILT_PRODUCTS_DIR}/gRPC/GRPCClient.framework",
				"${BUILT_PRODUCTS_DIR}/gRPC-Core/grpc.framework",
				"${BUILT_PRODUCTS_DIR}/gRPC-ProtoRPC/ProtoRPC.framework",
				"${BUILT_PRODUCTS_DIR}/gRPC-RxLibrary/RxLibrary.framework",
				"${BUILT_PRODUCTS_DIR}/leveldb-library/leveldb.framework",
				"${BUILT_PRODUCTS_DIR}/nanopb/nanopb.framework",
			);
			name = "[CP] Embed Pods Frameworks";
			outputPaths = (
				"${TARGET_BUILD_DIR}/${FRAMEWORKS_FOLDER_PATH}/openssl.framework",
				"${TARGET_BUILD_DIR}/${FRAMEWORKS_FOLDER_PATH}/GTMSessionFetcher.framework",
				"${TARGET_BUILD_DIR}/${FRAMEWORKS_FOLDER_PATH}/GoogleToolboxForMac.framework",
				"${TARGET_BUILD_DIR}/${FRAMEWORKS_FOLDER_PATH}/Protobuf.framework",
				"${TARGET_BUILD_DIR}/${FRAMEWORKS_FOLDER_PATH}/GRPCClient.framework",
				"${TARGET_BUILD_DIR}/${FRAMEWORKS_FOLDER_PATH}/grpc.framework",
				"${TARGET_BUILD_DIR}/${FRAMEWORKS_FOLDER_PATH}/ProtoRPC.framework",
				"${TARGET_BUILD_DIR}/${FRAMEWORKS_FOLDER_PATH}/RxLibrary.framework",
				"${TARGET_BUILD_DIR}/${FRAMEWORKS_FOLDER_PATH}/leveldb.framework",
				"${TARGET_BUILD_DIR}/${FRAMEWORKS_FOLDER_PATH}/nanopb.framework",
			);
			runOnlyForDeploymentPostprocessing = 0;
			shellPath = /bin/sh;
			shellScript = "\"${SRCROOT}/Pods/Target Support Files/Pods-RNDM/Pods-RNDM-frameworks.sh\"\n";
			showEnvVarsInLog = 0;
		};
/* End PBXShellScriptBuildPhase section */

/* Begin PBXSourcesBuildPhase section */
		A5026A18215092EE004C07BD /* Sources */ = {
			isa = PBXSourcesBuildPhase;
			buildActionMask = 2147483647;
			files = (
				A556900621509DD000922BEB /* AddThoughtVC.swift in Sources */,
				A508E4D32157FBA800BAB894 /* CreateUserVC.swift in Sources */,
				A5EB5017215833E2002C9E53 /* KeyboardBoundView.swift in Sources */,
				A5EA383421541C9D0072EF03 /* thoughtCell.swift in Sources */,
				A508E4D12157F9B600BAB894 /* LoginVC.swift in Sources */,
				A5EA383221541B4F0072EF03 /* Thought.swift in Sources */,
				A5EB50132158166F002C9E53 /* CommentCell.swift in Sources */,
				A5026A22215092EE004C07BD /* MainVC.swift in Sources */,
				A5026A20215092EE004C07BD /* AppDelegate.swift in Sources */,
				A583690D2151E8A80082ADB7 /* Constants.swift in Sources */,
				A5EB5015215817CC002C9E53 /* Comment.swift in Sources */,
				A5EB5011215812C8002C9E53 /* CommentsVC.swift in Sources */,
			);
			runOnlyForDeploymentPostprocessing = 0;
		};
/* End PBXSourcesBuildPhase section */

/* Begin PBXVariantGroup section */
		A5026A23215092EE004C07BD /* Main.storyboard */ = {
			isa = PBXVariantGroup;
			children = (
				A5026A24215092EE004C07BD /* Base */,
			);
			name = Main.storyboard;
			sourceTree = "<group>";
		};
		A5026A28215092EF004C07BD /* LaunchScreen.storyboard */ = {
			isa = PBXVariantGroup;
			children = (
				A5026A29215092EF004C07BD /* Base */,
			);
			name = LaunchScreen.storyboard;
			sourceTree = "<group>";
		};
/* End PBXVariantGroup section */

/* Begin XCBuildConfiguration section */
		A5026A2C215092EF004C07BD /* Debug */ = {
			isa = XCBuildConfiguration;
			buildSettings = {
				ALWAYS_SEARCH_USER_PATHS = NO;
				CLANG_ANALYZER_NONNULL = YES;
				CLANG_ANALYZER_NUMBER_OBJECT_CONVERSION = YES_AGGRESSIVE;
				CLANG_CXX_LANGUAGE_STANDARD = "gnu++14";
				CLANG_CXX_LIBRARY = "libc++";
				CLANG_ENABLE_MODULES = YES;
				CLANG_ENABLE_OBJC_ARC = YES;
				CLANG_ENABLE_OBJC_WEAK = YES;
				CLANG_WARN_BLOCK_CAPTURE_AUTORELEASING = YES;
				CLANG_WARN_BOOL_CONVERSION = YES;
				CLANG_WARN_COMMA = YES;
				CLANG_WARN_CONSTANT_CONVERSION = YES;
				CLANG_WARN_DEPRECATED_OBJC_IMPLEMENTATIONS = YES;
				CLANG_WARN_DIRECT_OBJC_ISA_USAGE = YES_ERROR;
				CLANG_WARN_DOCUMENTATION_COMMENTS = YES;
				CLANG_WARN_EMPTY_BODY = YES;
				CLANG_WARN_ENUM_CONVERSION = YES;
				CLANG_WARN_INFINITE_RECURSION = YES;
				CLANG_WARN_INT_CONVERSION = YES;
				CLANG_WARN_NON_LITERAL_NULL_CONVERSION = YES;
				CLANG_WARN_OBJC_IMPLICIT_RETAIN_SELF = YES;
				CLANG_WARN_OBJC_LITERAL_CONVERSION = YES;
				CLANG_WARN_OBJC_ROOT_CLASS = YES_ERROR;
				CLANG_WARN_RANGE_LOOP_ANALYSIS = YES;
				CLANG_WARN_STRICT_PROTOTYPES = YES;
				CLANG_WARN_SUSPICIOUS_MOVE = YES;
				CLANG_WARN_UNGUARDED_AVAILABILITY = YES_AGGRESSIVE;
				CLANG_WARN_UNREACHABLE_CODE = YES;
				CLANG_WARN__DUPLICATE_METHOD_MATCH = YES;
				CODE_SIGN_IDENTITY = "iPhone Developer";
				COPY_PHASE_STRIP = NO;
				DEBUG_INFORMATION_FORMAT = dwarf;
				ENABLE_STRICT_OBJC_MSGSEND = YES;
				ENABLE_TESTABILITY = YES;
				GCC_C_LANGUAGE_STANDARD = gnu11;
				GCC_DYNAMIC_NO_PIC = NO;
				GCC_NO_COMMON_BLOCKS = YES;
				GCC_OPTIMIZATION_LEVEL = 0;
				GCC_PREPROCESSOR_DEFINITIONS = (
					"DEBUG=1",
					"$(inherited)",
				);
				GCC_WARN_64_TO_32_BIT_CONVERSION = YES;
				GCC_WARN_ABOUT_RETURN_TYPE = YES_ERROR;
				GCC_WARN_UNDECLARED_SELECTOR = YES;
				GCC_WARN_UNINITIALIZED_AUTOS = YES_AGGRESSIVE;
				GCC_WARN_UNUSED_FUNCTION = YES;
				GCC_WARN_UNUSED_VARIABLE = YES;
				IPHONEOS_DEPLOYMENT_TARGET = 11.4;
				MTL_ENABLE_DEBUG_INFO = YES;
				ONLY_ACTIVE_ARCH = YES;
				SDKROOT = iphoneos;
				SWIFT_ACTIVE_COMPILATION_CONDITIONS = DEBUG;
				SWIFT_OPTIMIZATION_LEVEL = "-Onone";
			};
			name = Debug;
		};
		A5026A2D215092EF004C07BD /* Release */ = {
			isa = XCBuildConfiguration;
			buildSettings = {
				ALWAYS_SEARCH_USER_PATHS = NO;
				CLANG_ANALYZER_NONNULL = YES;
				CLANG_ANALYZER_NUMBER_OBJECT_CONVERSION = YES_AGGRESSIVE;
				CLANG_CXX_LANGUAGE_STANDARD = "gnu++14";
				CLANG_CXX_LIBRARY = "libc++";
				CLANG_ENABLE_MODULES = YES;
				CLANG_ENABLE_OBJC_ARC = YES;
				CLANG_ENABLE_OBJC_WEAK = YES;
				CLANG_WARN_BLOCK_CAPTURE_AUTORELEASING = YES;
				CLANG_WARN_BOOL_CONVERSION = YES;
				CLANG_WARN_COMMA = YES;
				CLANG_WARN_CONSTANT_CONVERSION = YES;
				CLANG_WARN_DEPRECATED_OBJC_IMPLEMENTATIONS = YES;
				CLANG_WARN_DIRECT_OBJC_ISA_USAGE = YES_ERROR;
				CLANG_WARN_DOCUMENTATION_COMMENTS = YES;
				CLANG_WARN_EMPTY_BODY = YES;
				CLANG_WARN_ENUM_CONVERSION = YES;
				CLANG_WARN_INFINITE_RECURSION = YES;
				CLANG_WARN_INT_CONVERSION = YES;
				CLANG_WARN_NON_LITERAL_NULL_CONVERSION = YES;
				CLANG_WARN_OBJC_IMPLICIT_RETAIN_SELF = YES;
				CLANG_WARN_OBJC_LITERAL_CONVERSION = YES;
				CLANG_WARN_OBJC_ROOT_CLASS = YES_ERROR;
				CLANG_WARN_RANGE_LOOP_ANALYSIS = YES;
				CLANG_WARN_STRICT_PROTOTYPES = YES;
				CLANG_WARN_SUSPICIOUS_MOVE = YES;
				CLANG_WARN_UNGUARDED_AVAILABILITY = YES_AGGRESSIVE;
				CLANG_WARN_UNREACHABLE_CODE = YES;
				CLANG_WARN__DUPLICATE_METHOD_MATCH = YES;
				CODE_SIGN_IDENTITY = "iPhone Developer";
				COPY_PHASE_STRIP = NO;
				DEBUG_INFORMATION_FORMAT = "dwarf-with-dsym";
				ENABLE_NS_ASSERTIONS = NO;
				ENABLE_STRICT_OBJC_MSGSEND = YES;
				GCC_C_LANGUAGE_STANDARD = gnu11;
				GCC_NO_COMMON_BLOCKS = YES;
				GCC_WARN_64_TO_32_BIT_CONVERSION = YES;
				GCC_WARN_ABOUT_RETURN_TYPE = YES_ERROR;
				GCC_WARN_UNDECLARED_SELECTOR = YES;
				GCC_WARN_UNINITIALIZED_AUTOS = YES_AGGRESSIVE;
				GCC_WARN_UNUSED_FUNCTION = YES;
				GCC_WARN_UNUSED_VARIABLE = YES;
				IPHONEOS_DEPLOYMENT_TARGET = 11.4;
				MTL_ENABLE_DEBUG_INFO = NO;
				SDKROOT = iphoneos;
				SWIFT_COMPILATION_MODE = wholemodule;
				SWIFT_OPTIMIZATION_LEVEL = "-O";
				VALIDATE_PRODUCT = YES;
			};
			name = Release;
		};
		A5026A2F215092EF004C07BD /* Debug */ = {
			isa = XCBuildConfiguration;
			baseConfigurationReference = 609BBBE109F4E0482F2241A2 /* Pods-RNDM.debug.xcconfig */;
			buildSettings = {
				ASSETCATALOG_COMPILER_APPICON_NAME = AppIcon;
				CODE_SIGN_STYLE = Automatic;
				DEVELOPMENT_TEAM = 8VLBP5CT87;
				INFOPLIST_FILE = RNDM/Info.plist;
				LD_RUNPATH_SEARCH_PATHS = (
					"$(inherited)",
					"@executable_path/Frameworks",
				);
				PRODUCT_BUNDLE_IDENTIFIER = com.developedbygjoraas.RNDM;
				PRODUCT_NAME = "$(TARGET_NAME)";
				SWIFT_VERSION = 4.0;
				TARGETED_DEVICE_FAMILY = 1;
			};
			name = Debug;
		};
		A5026A30215092EF004C07BD /* Release */ = {
			isa = XCBuildConfiguration;
			baseConfigurationReference = 2F24E69DE7DE6E50EC2D6836 /* Pods-RNDM.release.xcconfig */;
			buildSettings = {
				ASSETCATALOG_COMPILER_APPICON_NAME = AppIcon;
				CODE_SIGN_STYLE = Automatic;
				DEVELOPMENT_TEAM = 8VLBP5CT87;
				INFOPLIST_FILE = RNDM/Info.plist;
				LD_RUNPATH_SEARCH_PATHS = (
					"$(inherited)",
					"@executable_path/Frameworks",
				);
				PRODUCT_BUNDLE_IDENTIFIER = com.developedbygjoraas.RNDM;
				PRODUCT_NAME = "$(TARGET_NAME)";
				SWIFT_VERSION = 4.0;
				TARGETED_DEVICE_FAMILY = 1;
			};
			name = Release;
		};
/* End XCBuildConfiguration section */

/* Begin XCConfigurationList section */
		A5026A17215092EE004C07BD /* Build configuration list for PBXProject "RNDM" */ = {
			isa = XCConfigurationList;
			buildConfigurations = (
				A5026A2C215092EF004C07BD /* Debug */,
				A5026A2D215092EF004C07BD /* Release */,
			);
			defaultConfigurationIsVisible = 0;
			defaultConfigurationName = Release;
		};
		A5026A2E215092EF004C07BD /* Build configuration list for PBXNativeTarget "RNDM" */ = {
			isa = XCConfigurationList;
			buildConfigurations = (
				A5026A2F215092EF004C07BD /* Debug */,
				A5026A30215092EF004C07BD /* Release */,
			);
			defaultConfigurationIsVisible = 0;
			defaultConfigurationName = Release;
		};
/* End XCConfigurationList section */
	};
	rootObject = A5026A14215092EE004C07BD /* Project object */;
}
